
Microsoft Visual Studio Solution File, Format Version 12.00
# Visual Studio Version 17
VisualStudioVersion = 17.7.34031.279
MinimumVisualStudioVersion = 10.0.40219.1
Project("{FAE04EC0-301F-11D3-BF4B-00C04F79EFBC}") = "Individuellt databasprojekt123", "Individuellt databasprojekt123.csproj", "{64ED738C-210A-4F03-B532-E69A012A4F6A}"
EndProject
Global
	GlobalSection(SolutionConfigurationPlatforms) = preSolution
		Debug|Any CPU = Debug|Any CPU
		Release|Any CPU = Release|Any CPU
	EndGlobalSection
	GlobalSection(ProjectConfigurationPlatforms) = postSolution
		{64ED738C-210A-4F03-B532-E69A012A4F6A}.Debug|Any CPU.ActiveCfg = Debug|Any CPU
		{64ED738C-210A-4F03-B532-E69A012A4F6A}.Debug|Any CPU.Build.0 = Debug|Any CPU
		{64ED738C-210A-4F03-B532-E69A012A4F6A}.Release|Any CPU.ActiveCfg = Release|Any CPU
		{64ED738C-210A-4F03-B532-E69A012A4F6A}.Release|Any CPU.Build.0 = Release|Any CPU
	EndGlobalSection
	GlobalSection(SolutionProperties) = preSolution
		HideSolutionNode = FALSE
	EndGlobalSection
	GlobalSection(ExtensibilityGlobals) = postSolution
		SolutionGuid = {5A72A2B6-6CFF-40E9-ADA3-10E890A54B84}
	EndGlobalSection
EndGlobal
